
Microsoft Visual Studio Solution File, Format Version 12.00
# Visual Studio Version 17
VisualStudioVersion = 17.3.32922.545
MinimumVisualStudioVersion = 10.0.40219.1
Project("{FAE04EC0-301F-11D3-BF4B-00C04F79EFBC}") = "rokopoko", "rokopoko.csproj", "{65501B0D-846D-4F40-8574-8A9B244F1344}"
EndProject
Global
	GlobalSection(SolutionConfigurationPlatforms) = preSolution
		Debug|Any CPU = Debug|Any CPU
		Release|Any CPU = Release|Any CPU
	EndGlobalSection
	GlobalSection(ProjectConfigurationPlatforms) = postSolution
		{65501B0D-846D-4F40-8574-8A9B244F1344}.Debug|Any CPU.ActiveCfg = Debug|Any CPU
		{65501B0D-846D-4F40-8574-8A9B244F1344}.Debug|Any CPU.Build.0 = Debug|Any CPU
		{65501B0D-846D-4F40-8574-8A9B244F1344}.Release|Any CPU.ActiveCfg = Release|Any CPU
		{65501B0D-846D-4F40-8574-8A9B244F1344}.Release|Any CPU.Build.0 = Release|Any CPU
	EndGlobalSection
	GlobalSection(SolutionProperties) = preSolution
		HideSolutionNode = FALSE
	EndGlobalSection
	GlobalSection(ExtensibilityGlobals) = postSolution
		SolutionGuid = {C5828BEA-5659-48D1-8B5A-E5188BC1BAF8}
	EndGlobalSection
EndGlobal
